
Microsoft Visual Studio Solution File, Format Version 12.00
# Visual Studio 2012
Project("{FAE04EC0-301F-11D3-BF4B-00C04F79EFBC}") = "FCloud", "FCloud\FCloud.csproj", "{2DC15617-E0D5-4CAF-B7D0-9A691337F338}"
EndProject
Project("{FAE04EC0-301F-11D3-BF4B-00C04F79EFBC}") = "FCloudTests", "FCloudTests\FCloudTests.csproj", "{C4278CD2-BA29-4D4C-8539-A3ECF63F1519}"
EndProject
Project("{FAE04EC0-301F-11D3-BF4B-00C04F79EFBC}") = "ConsoleFCloud", "ConsoleFCloud\ConsoleFCloud.csproj", "{0931D1F1-2476-4DC5-9196-993E877C7989}"
EndProject
Global
	GlobalSection(SolutionConfigurationPlatforms) = preSolution
		Debug|Any CPU = Debug|Any CPU
		Release|Any CPU = Release|Any CPU
	EndGlobalSection
	GlobalSection(ProjectConfigurationPlatforms) = postSolution
		{2DC15617-E0D5-4CAF-B7D0-9A691337F338}.Debug|Any CPU.ActiveCfg = Debug|Any CPU
		{2DC15617-E0D5-4CAF-B7D0-9A691337F338}.Debug|Any CPU.Build.0 = Debug|Any CPU
		{2DC15617-E0D5-4CAF-B7D0-9A691337F338}.Release|Any CPU.ActiveCfg = Release|Any CPU
		{2DC15617-E0D5-4CAF-B7D0-9A691337F338}.Release|Any CPU.Build.0 = Release|Any CPU
		{C4278CD2-BA29-4D4C-8539-A3ECF63F1519}.Debug|Any CPU.ActiveCfg = Debug|Any CPU
		{C4278CD2-BA29-4D4C-8539-A3ECF63F1519}.Debug|Any CPU.Build.0 = Debug|Any CPU
		{C4278CD2-BA29-4D4C-8539-A3ECF63F1519}.Release|Any CPU.ActiveCfg = Release|Any CPU
		{C4278CD2-BA29-4D4C-8539-A3ECF63F1519}.Release|Any CPU.Build.0 = Release|Any CPU
		{0931D1F1-2476-4DC5-9196-993E877C7989}.Debug|Any CPU.ActiveCfg = Debug|Any CPU
		{0931D1F1-2476-4DC5-9196-993E877C7989}.Debug|Any CPU.Build.0 = Debug|Any CPU
		{0931D1F1-2476-4DC5-9196-993E877C7989}.Release|Any CPU.ActiveCfg = Release|Any CPU
		{0931D1F1-2476-4DC5-9196-993E877C7989}.Release|Any CPU.Build.0 = Release|Any CPU
	EndGlobalSection
	GlobalSection(SolutionProperties) = preSolution
		HideSolutionNode = FALSE
	EndGlobalSection
EndGlobal
